
Microsoft Visual Studio Solution File, Format Version 12.00
# Visual Studio 14
VisualStudioVersion = 14.0.25420.1
MinimumVisualStudioVersion = 10.0.40219.1
Project("{2150E333-8FDC-42A3-9474-1A3956D46DE8}") = "src", "src", "{13C16884-2437-439B-87DF-66DB55C3954D}"
EndProject
Project("{2150E333-8FDC-42A3-9474-1A3956D46DE8}") = "Solution Items", "Solution Items", "{5DD5005F-5DBA-47A0-BEBB-A12A14A58B15}"
	ProjectSection(SolutionItems) = preProject
		global.json = global.json
	EndProjectSection
EndProject
Project("{8BB2217D-0F2D-49D1-97BC-3654ED321F3B}") = "ArthCore", "src\ArthCore\ArthCore.xproj", "{4ADA03DD-F803-4457-B485-B10065697E24}"
EndProject
Project("{2150E333-8FDC-42A3-9474-1A3956D46DE8}") = "test", "test", "{A546F8DD-EFB7-4F8B-90C0-74DFE5F9AAC2}"
EndProject
Project("{8BB2217D-0F2D-49D1-97BC-3654ED321F3B}") = "ArthCore.Tests", "ArthCore.Tests\ArthCore.Tests.xproj", "{C427EA7B-E00F-4024-8D28-97264CFCEB47}"
EndProject
Global
	GlobalSection(SolutionConfigurationPlatforms) = preSolution
		Debug|Any CPU = Debug|Any CPU
		Release|Any CPU = Release|Any CPU
	EndGlobalSection
	GlobalSection(ProjectConfigurationPlatforms) = postSolution
		{4ADA03DD-F803-4457-B485-B10065697E24}.Debug|Any CPU.ActiveCfg = Debug|Any CPU
		{4ADA03DD-F803-4457-B485-B10065697E24}.Debug|Any CPU.Build.0 = Debug|Any CPU
		{4ADA03DD-F803-4457-B485-B10065697E24}.Release|Any CPU.ActiveCfg = Release|Any CPU
		{4ADA03DD-F803-4457-B485-B10065697E24}.Release|Any CPU.Build.0 = Release|Any CPU
		{C427EA7B-E00F-4024-8D28-97264CFCEB47}.Debug|Any CPU.ActiveCfg = Debug|Any CPU
		{C427EA7B-E00F-4024-8D28-97264CFCEB47}.Debug|Any CPU.Build.0 = Debug|Any CPU
		{C427EA7B-E00F-4024-8D28-97264CFCEB47}.Release|Any CPU.ActiveCfg = Release|Any CPU
		{C427EA7B-E00F-4024-8D28-97264CFCEB47}.Release|Any CPU.Build.0 = Release|Any CPU
	EndGlobalSection
	GlobalSection(SolutionProperties) = preSolution
		HideSolutionNode = FALSE
	EndGlobalSection
	GlobalSection(NestedProjects) = preSolution
		{4ADA03DD-F803-4457-B485-B10065697E24} = {13C16884-2437-439B-87DF-66DB55C3954D}
		{C427EA7B-E00F-4024-8D28-97264CFCEB47} = {A546F8DD-EFB7-4F8B-90C0-74DFE5F9AAC2}
	EndGlobalSection
EndGlobal
